Microsoft Visual Studio Solution File, Format Version 12.00
# Visual Studio Version 17
VisualStudioVersion = 17.12.35323.107
MinimumVisualStudioVersion = 10.0.40219.1
Project("{FAE04EC0-301F-11D3-BF4B-00C04F79EFBC}") = "TSchedule", "TSchedule\TSchedule\TSchedule.csproj", "{6DA4E233-CC5E-43EE-B50E-F2A48DD75761}"
EndProject
Project("{FAE04EC0-301F-11D3-BF4B-00C04F79EFBC}") = "TSchedule.Client", "TSchedule\TSchedule.Client\TSchedule.Client.csproj", "{0644291A-EF6F-4879-8797-124F94E4E211}"
EndProject
Global
	GlobalSection(SolutionConfigurationPlatforms) = preSolution
		Debug|Any CPU = Debug|Any CPU
		Release|Any CPU = Release|Any CPU
	EndGlobalSection
	GlobalSection(ProjectConfigurationPlatforms) = postSolution
		{6DA4E233-CC5E-43EE-B50E-F2A48DD75761}.Debug|Any CPU.ActiveCfg = Debug|Any CPU
		{6DA4E233-CC5E-43EE-B50E-F2A48DD75761}.Debug|Any CPU.Build.0 = Debug|Any CPU
		{6DA4E233-CC5E-43EE-B50E-F2A48DD75761}.Release|Any CPU.ActiveCfg = Release|Any CPU
		{6DA4E233-CC5E-43EE-B50E-F2A48DD75761}.Release|Any CPU.Build.0 = Release|Any CPU
		{0644291A-EF6F-4879-8797-124F94E4E211}.Debug|Any CPU.ActiveCfg = Debug|Any CPU
		{0644291A-EF6F-4879-8797-124F94E4E211}.Debug|Any CPU.Build.0 = Debug|Any CPU
		{0644291A-EF6F-4879-8797-124F94E4E211}.Release|Any CPU.ActiveCfg = Release|Any CPU
		{0644291A-EF6F-4879-8797-124F94E4E211}.Release|Any CPU.Build.0 = Release|Any CPU
	EndGlobalSection
	GlobalSection(SolutionProperties) = preSolution
		HideSolutionNode = FALSE
	EndGlobalSection
	GlobalSection(ExtensibilityGlobals) = postSolution
		SolutionGuid = {12A409A2-B166-46EE-9005-D692572BCB1F}
	EndGlobalSection
EndGlobal
